# THIS IS AN AUTOGENERATED FILE. DO NOT EDIT THIS FILE DIRECTLY.
# yarn lockfile v1


"@tanstack/query-core@5.40.0":
  version "5.40.0"
  resolved "https://registry.yarnpkg.com/@tanstack/query-core/-/query-core-5.40.0.tgz#c74ae8303752ed4b5a0ab848ec71a0e6e8179f83"
  integrity sha512-eD8K8jsOIq0Z5u/QbvOmfvKKE/XC39jA7yv4hgpl/1SRiU+J8QCIwgM/mEHuunQsL87dcvnHqSVLmf9pD4CiaA==

"@tanstack/query-devtools@5.37.1":
  version "5.37.1"
  resolved "https://registry.yarnpkg.com/@tanstack/query-devtools/-/query-devtools-5.37.1.tgz#8dcfa1488b4f2e353be7eede6691b0ad9197183b"
  integrity sha512-XcG4IIHIv0YQKrexTqo2zogQWR1Sz672tX2KsfE9kzB+9zhx44vRKH5si4WDILE1PIWQpStFs/NnrDQrBAUQpg==

"@tanstack/react-query-devtools@^5.40.0":
  version "5.40.0"
  resolved "https://registry.yarnpkg.com/@tanstack/react-query-devtools/-/react-query-devtools-5.40.0.tgz#76999ddd4c4ef8a9e17c35912459e9a291307409"
  integrity sha512-JoQOQj/LKaHoHVMAh73R0pc4lIAHiZMV8L4DGHsTSvHcKi22LZmSC9aYBY9oMkqGpFtKmbspwrUIn55+czNSbA==
  dependencies:
    "@tanstack/query-devtools" "5.37.1"

"@tanstack/react-query@^5.40.0":
  version "5.40.0"
  resolved "https://registry.yarnpkg.com/@tanstack/react-query/-/react-query-5.40.0.tgz#654afa2d9ab328c22be7e1f025ec9b6267c6baa9"
  integrity sha512-iv/W0Axc4aXhFzkrByToE1JQqayxTPNotCoSCnarR/A1vDIHaoKpg7FTIfP3Ev2mbKn1yrxq0ZKYUdLEJxs6Tg==
  dependencies:
    "@tanstack/query-core" "5.40.0"
